
Microsoft Visual Studio Solution File, Format Version 12.00
# Visual Studio 15
VisualStudioVersion = 15.0.28307.136
MinimumVisualStudioVersion = 10.0.40219.1
Project("{FAE04EC0-301F-11D3-BF4B-00C04F79EFBC}") = "ex2", "ex2\ex2.csproj", "{6F88E141-7F19-4FF5-B830-8B8AEF7DDB72}"
EndProject
Project("{FAE04EC0-301F-11D3-BF4B-00C04F79EFBC}") = "ex2.test", "ex2.test\ex2.test.csproj", "{22336881-7DBD-40A9-9DD3-FFDDF58606E0}"
EndProject
Global
	GlobalSection(SolutionConfigurationPlatforms) = preSolution
		Debug|Any CPU = Debug|Any CPU
		Release|Any CPU = Release|Any CPU
	EndGlobalSection
	GlobalSection(ProjectConfigurationPlatforms) = postSolution
		{6F88E141-7F19-4FF5-B830-8B8AEF7DDB72}.Debug|Any CPU.ActiveCfg = Debug|Any CPU
		{6F88E141-7F19-4FF5-B830-8B8AEF7DDB72}.Debug|Any CPU.Build.0 = Debug|Any CPU
		{6F88E141-7F19-4FF5-B830-8B8AEF7DDB72}.Release|Any CPU.ActiveCfg = Release|Any CPU
		{6F88E141-7F19-4FF5-B830-8B8AEF7DDB72}.Release|Any CPU.Build.0 = Release|Any CPU
		{22336881-7DBD-40A9-9DD3-FFDDF58606E0}.Debug|Any CPU.ActiveCfg = Debug|Any CPU
		{22336881-7DBD-40A9-9DD3-FFDDF58606E0}.Debug|Any CPU.Build.0 = Debug|Any CPU
		{22336881-7DBD-40A9-9DD3-FFDDF58606E0}.Release|Any CPU.ActiveCfg = Release|Any CPU
		{22336881-7DBD-40A9-9DD3-FFDDF58606E0}.Release|Any CPU.Build.0 = Release|Any CPU
	EndGlobalSection
	GlobalSection(SolutionProperties) = preSolution
		HideSolutionNode = FALSE
	EndGlobalSection
	GlobalSection(ExtensibilityGlobals) = postSolution
		SolutionGuid = {53241CD0-720B-48A0-BF33-7E35FB2370A2}
	EndGlobalSection
EndGlobal
